
Microsoft Visual Studio Solution File, Format Version 12.00
# Visual Studio 15
VisualStudioVersion = 15.0.28307.645
MinimumVisualStudioVersion = 10.0.40219.1
Project("{FAE04EC0-301F-11D3-BF4B-00C04F79EFBC}") = "RdlMigration", "RdlMigration\RdlMigration.csproj", "{CBC23E74-AEAE-4E22-9191-E6FB6217A4CF}"
EndProject
Project("{FAE04EC0-301F-11D3-BF4B-00C04F79EFBC}") = "RdlMigration.UnitTest", "RdlMigration.UnitTest\RdlMigration.UnitTest.csproj", "{91880E85-0D86-4C56-97D0-CC41115BBD56}"
EndProject
Global
	GlobalSection(SolutionConfigurationPlatforms) = preSolution
		Debug|Any CPU = Debug|Any CPU
		Release|Any CPU = Release|Any CPU
	EndGlobalSection
	GlobalSection(ProjectConfigurationPlatforms) = postSolution
		{CBC23E74-AEAE-4E22-9191-E6FB6217A4CF}.Debug|Any CPU.ActiveCfg = Debug|Any CPU
		{CBC23E74-AEAE-4E22-9191-E6FB6217A4CF}.Debug|Any CPU.Build.0 = Debug|Any CPU
		{CBC23E74-AEAE-4E22-9191-E6FB6217A4CF}.Release|Any CPU.ActiveCfg = Release|Any CPU
		{CBC23E74-AEAE-4E22-9191-E6FB6217A4CF}.Release|Any CPU.Build.0 = Release|Any CPU
		{91880E85-0D86-4C56-97D0-CC41115BBD56}.Debug|Any CPU.ActiveCfg = Debug|Any CPU
		{91880E85-0D86-4C56-97D0-CC41115BBD56}.Debug|Any CPU.Build.0 = Debug|Any CPU
		{91880E85-0D86-4C56-97D0-CC41115BBD56}.Release|Any CPU.ActiveCfg = Release|Any CPU
		{91880E85-0D86-4C56-97D0-CC41115BBD56}.Release|Any CPU.Build.0 = Release|Any CPU
	EndGlobalSection
	GlobalSection(SolutionProperties) = preSolution
		HideSolutionNode = FALSE
	EndGlobalSection
	GlobalSection(ExtensibilityGlobals) = postSolution
		SolutionGuid = {A0AD076A-C4F8-4247-B153-B1CB37B2D584}
	EndGlobalSection
EndGlobal
